
Microsoft Visual Studio Solution File, Format Version 12.00
# Visual Studio Version 17
VisualStudioVersion = 17.1.32414.318
MinimumVisualStudioVersion = 10.0.40219.1
Project("{9A19103F-16F7-4668-BE54-9A1E7A4F7556}") = "Catalog.API", "Catalog.API.csproj", "{946BBBF5-CA31-4CC5-AA42-7971E373FC31}"
EndProject
Project("{E53339B2-1760-4266-BCC7-CA923CBCF16C}") = "docker-compose", "docker-compose.dcproj", "{AAE7F3B8-E135-4E40-88E1-6F2CD81EED32}"
EndProject
Global
	GlobalSection(SolutionConfigurationPlatforms) = preSolution
		Debug|Any CPU = Debug|Any CPU
		Release|Any CPU = Release|Any CPU
	EndGlobalSection
	GlobalSection(ProjectConfigurationPlatforms) = postSolution
		{946BBBF5-CA31-4CC5-AA42-7971E373FC31}.Debug|Any CPU.ActiveCfg = Debug|Any CPU
		{946BBBF5-CA31-4CC5-AA42-7971E373FC31}.Debug|Any CPU.Build.0 = Debug|Any CPU
		{946BBBF5-CA31-4CC5-AA42-7971E373FC31}.Release|Any CPU.ActiveCfg = Release|Any CPU
		{946BBBF5-CA31-4CC5-AA42-7971E373FC31}.Release|Any CPU.Build.0 = Release|Any CPU
		{AAE7F3B8-E135-4E40-88E1-6F2CD81EED32}.Debug|Any CPU.ActiveCfg = Debug|Any CPU
		{AAE7F3B8-E135-4E40-88E1-6F2CD81EED32}.Debug|Any CPU.Build.0 = Debug|Any CPU
		{AAE7F3B8-E135-4E40-88E1-6F2CD81EED32}.Release|Any CPU.ActiveCfg = Release|Any CPU
		{AAE7F3B8-E135-4E40-88E1-6F2CD81EED32}.Release|Any CPU.Build.0 = Release|Any CPU
	EndGlobalSection
	GlobalSection(SolutionProperties) = preSolution
		HideSolutionNode = FALSE
	EndGlobalSection
	GlobalSection(ExtensibilityGlobals) = postSolution
		SolutionGuid = {2CCE1EA9-17C4-4807-8286-6410059661AA}
	EndGlobalSection
EndGlobal
